[[package]]
name = "ghhu"
version = "0.1"
description = "Projeto de Exemplo para curso no Hotel Urbano"
category = "main"
optional = false
python-versions = "*"

[package.dependencies]
requests = "2.10.0"

[[package]]
name = "requests"
version = "2.10.0"
description = "Python HTTP for Humans."
category = "main"
optional = false
python-versions = "*"

[package.extras]
security = ["ndg-httpsclient", "pyOpenSSL (>=0.13)", "pyasn1"]
socks = ["PySocks (>=1.5.6)"]

[metadata]
lock-version = "1.1"
python-versions = "^3.8"
content-hash = "1070556917e425a1872727d4ce157d673e40eaad7405b447387d561f0c035a99"

[metadata.files]
ghhu = [
    {file = "ghhu-0.1.tar.gz", hash = "sha256:43e133a8118754dc5a4f83ec96f431f6d6f6e33f5bc5bb5da1b99abfd42fb3c7"},
]
requests = [
    {file = "requests-2.10.0-py2.py3-none-any.whl", hash = "sha256:09bc1b5f3a56cd8c48d433213a8cba51a67d12936568f73b5f1793fcb0c0979e"},
    {file = "requests-2.10.0.tar.gz", hash = "sha256:63f1815788157130cee16a933b2ee184038e975f0017306d723ac326b5525b54"},
]
